
Microsoft Visual Studio Solution File, Format Version 12.00
# Visual Studio 15
VisualStudioVersion = 15.0.28010.2036
MinimumVisualStudioVersion = 10.0.40219.1
Project("{FAE04EC0-301F-11D3-BF4B-00C04F79EFBC}") = "PO_PurchasingUI", "PO_PurchasingUI.csproj", "{43025DCB-D19E-4B92-9802-CEF569EE403C}"
EndProject
Global
	GlobalSection(SolutionConfigurationPlatforms) = preSolution
		Debug|Any CPU = Debug|Any CPU
		Debug|x86 = Debug|x86
		Release|Any CPU = Release|Any CPU
		Release|x86 = Release|x86
	EndGlobalSection
	GlobalSection(ProjectConfigurationPlatforms) = postSolution
		{43025DCB-D19E-4B92-9802-CEF569EE403C}.Debug|Any CPU.ActiveCfg = Debug|Any CPU
		{43025DCB-D19E-4B92-9802-CEF569EE403C}.Debug|Any CPU.Build.0 = Debug|Any CPU
		{43025DCB-D19E-4B92-9802-CEF569EE403C}.Debug|x86.ActiveCfg = Debug|x86
		{43025DCB-D19E-4B92-9802-CEF569EE403C}.Debug|x86.Build.0 = Debug|x86
		{43025DCB-D19E-4B92-9802-CEF569EE403C}.Release|Any CPU.ActiveCfg = Release|Any CPU
		{43025DCB-D19E-4B92-9802-CEF569EE403C}.Release|Any CPU.Build.0 = Release|Any CPU
		{43025DCB-D19E-4B92-9802-CEF569EE403C}.Release|x86.ActiveCfg = Release|x86
		{43025DCB-D19E-4B92-9802-CEF569EE403C}.Release|x86.Build.0 = Release|x86
	EndGlobalSection
	GlobalSection(SolutionProperties) = preSolution
		HideSolutionNode = FALSE
	EndGlobalSection
	GlobalSection(ExtensibilityGlobals) = postSolution
		SolutionGuid = {0CCB3605-4E3C-4D00-A05B-E8F667BADBA0}
	EndGlobalSection
EndGlobal
